
Microsoft Visual Studio Solution File, Format Version 12.00
# Visual Studio Version 17
VisualStudioVersion = 17.13.35818.85 d17.13
MinimumVisualStudioVersion = 10.0.40219.1
Project("{FAE04EC0-301F-11D3-BF4B-00C04F79EFBC}") = "shootingGame_Refactoring", "shootingGame_Refactoring\shootingGame_Refactoring.csproj", "{B5F1A5FA-AE4E-4E31-8B0B-155DF3930905}"
EndProject
Global
	GlobalSection(SolutionConfigurationPlatforms) = preSolution
		Debug|Any CPU = Debug|Any CPU
		Release|Any CPU = Release|Any CPU
	EndGlobalSection
	GlobalSection(ProjectConfigurationPlatforms) = postSolution
		{B5F1A5FA-AE4E-4E31-8B0B-155DF3930905}.Debug|Any CPU.ActiveCfg = Debug|Any CPU
		{B5F1A5FA-AE4E-4E31-8B0B-155DF3930905}.Debug|Any CPU.Build.0 = Debug|Any CPU
		{B5F1A5FA-AE4E-4E31-8B0B-155DF3930905}.Release|Any CPU.ActiveCfg = Release|Any CPU
		{B5F1A5FA-AE4E-4E31-8B0B-155DF3930905}.Release|Any CPU.Build.0 = Release|Any CPU
	EndGlobalSection
	GlobalSection(SolutionProperties) = preSolution
		HideSolutionNode = FALSE
	EndGlobalSection
	GlobalSection(ExtensibilityGlobals) = postSolution
		SolutionGuid = {FE8EF8AC-932D-4EFD-B3DB-9CFA4AA07C94}
	EndGlobalSection
EndGlobal
