
Microsoft Visual Studio Solution File, Format Version 12.00
# Visual Studio Version 17
VisualStudioVersion = 17.13.35818.85 d17.13
MinimumVisualStudioVersion = 10.0.40219.1
Project("{FAE04EC0-301F-11D3-BF4B-00C04F79EFBC}") = "Study20", "Study20\Study20.csproj", "{8A161641-4A45-4B92-A155-FF31E39EC06D}"
EndProject
Global
	GlobalSection(SolutionConfigurationPlatforms) = preSolution
		Debug|Any CPU = Debug|Any CPU
		Release|Any CPU = Release|Any CPU
	EndGlobalSection
	GlobalSection(ProjectConfigurationPlatforms) = postSolution
		{8A161641-4A45-4B92-A155-FF31E39EC06D}.Debug|Any CPU.ActiveCfg = Debug|Any CPU
		{8A161641-4A45-4B92-A155-FF31E39EC06D}.Debug|Any CPU.Build.0 = Debug|Any CPU
		{8A161641-4A45-4B92-A155-FF31E39EC06D}.Release|Any CPU.ActiveCfg = Release|Any CPU
		{8A161641-4A45-4B92-A155-FF31E39EC06D}.Release|Any CPU.Build.0 = Release|Any CPU
	EndGlobalSection
	GlobalSection(SolutionProperties) = preSolution
		HideSolutionNode = FALSE
	EndGlobalSection
	GlobalSection(ExtensibilityGlobals) = postSolution
		SolutionGuid = {8E8A5D72-DB03-4E46-ABD1-B8BDD8A3EE13}
	EndGlobalSection
EndGlobal
