
Microsoft Visual Studio Solution File, Format Version 12.00
# Visual Studio Version 17
VisualStudioVersion = 17.13.35818.85 d17.13
MinimumVisualStudioVersion = 10.0.40219.1
Project("{FAE04EC0-301F-11D3-BF4B-00C04F79EFBC}") = "2024Answer_2", "2024Answer_2\2024Answer_2.csproj", "{C9D64C5D-0D83-4C18-8B71-E7B0519454EF}"
EndProject
Global
	GlobalSection(SolutionConfigurationPlatforms) = preSolution
		Debug|Any CPU = Debug|Any CPU
		Release|Any CPU = Release|Any CPU
	EndGlobalSection
	GlobalSection(ProjectConfigurationPlatforms) = postSolution
		{C9D64C5D-0D83-4C18-8B71-E7B0519454EF}.Debug|Any CPU.ActiveCfg = Debug|Any CPU
		{C9D64C5D-0D83-4C18-8B71-E7B0519454EF}.Debug|Any CPU.Build.0 = Debug|Any CPU
		{C9D64C5D-0D83-4C18-8B71-E7B0519454EF}.Release|Any CPU.ActiveCfg = Release|Any CPU
		{C9D64C5D-0D83-4C18-8B71-E7B0519454EF}.Release|Any CPU.Build.0 = Release|Any CPU
	EndGlobalSection
	GlobalSection(SolutionProperties) = preSolution
		HideSolutionNode = FALSE
	EndGlobalSection
	GlobalSection(ExtensibilityGlobals) = postSolution
		SolutionGuid = {01ED24D2-4371-460F-A73A-C7DA33ED530E}
	EndGlobalSection
EndGlobal
