
Microsoft Visual Studio Solution File, Format Version 12.00
# Visual Studio Version 17
VisualStudioVersion = 17.13.35818.85 d17.13
MinimumVisualStudioVersion = 10.0.40219.1
Project("{FAE04EC0-301F-11D3-BF4B-00C04F79EFBC}") = "Study4", "Study4\Study4.csproj", "{CC576D51-8631-49BC-9CBB-83710E43BDB1}"
EndProject
Global
	GlobalSection(SolutionConfigurationPlatforms) = preSolution
		Debug|Any CPU = Debug|Any CPU
		Release|Any CPU = Release|Any CPU
	EndGlobalSection
	GlobalSection(ProjectConfigurationPlatforms) = postSolution
		{CC576D51-8631-49BC-9CBB-83710E43BDB1}.Debug|Any CPU.ActiveCfg = Debug|Any CPU
		{CC576D51-8631-49BC-9CBB-83710E43BDB1}.Debug|Any CPU.Build.0 = Debug|Any CPU
		{CC576D51-8631-49BC-9CBB-83710E43BDB1}.Release|Any CPU.ActiveCfg = Release|Any CPU
		{CC576D51-8631-49BC-9CBB-83710E43BDB1}.Release|Any CPU.Build.0 = Release|Any CPU
	EndGlobalSection
	GlobalSection(SolutionProperties) = preSolution
		HideSolutionNode = FALSE
	EndGlobalSection
	GlobalSection(ExtensibilityGlobals) = postSolution
		SolutionGuid = {D92C123A-48F5-48D5-935E-998EFC20E735}
	EndGlobalSection
EndGlobal
