
Microsoft Visual Studio Solution File, Format Version 12.00
# Visual Studio Version 17
VisualStudioVersion = 17.13.35818.85 d17.13
MinimumVisualStudioVersion = 10.0.40219.1
Project("{FAE04EC0-301F-11D3-BF4B-00C04F79EFBC}") = "study18", "study18\study18.csproj", "{27F0BF49-E888-461B-B599-D49A863C5AAF}"
EndProject
Global
	GlobalSection(SolutionConfigurationPlatforms) = preSolution
		Debug|Any CPU = Debug|Any CPU
		Release|Any CPU = Release|Any CPU
	EndGlobalSection
	GlobalSection(ProjectConfigurationPlatforms) = postSolution
		{27F0BF49-E888-461B-B599-D49A863C5AAF}.Debug|Any CPU.ActiveCfg = Debug|Any CPU
		{27F0BF49-E888-461B-B599-D49A863C5AAF}.Debug|Any CPU.Build.0 = Debug|Any CPU
		{27F0BF49-E888-461B-B599-D49A863C5AAF}.Release|Any CPU.ActiveCfg = Release|Any CPU
		{27F0BF49-E888-461B-B599-D49A863C5AAF}.Release|Any CPU.Build.0 = Release|Any CPU
	EndGlobalSection
	GlobalSection(SolutionProperties) = preSolution
		HideSolutionNode = FALSE
	EndGlobalSection
	GlobalSection(ExtensibilityGlobals) = postSolution
		SolutionGuid = {4EE0A615-8399-4C61-A24E-E572DE0A83B2}
	EndGlobalSection
EndGlobal
