
Microsoft Visual Studio Solution File, Format Version 12.00
# Visual Studio Version 17
VisualStudioVersion = 17.13.35818.85 d17.13
MinimumVisualStudioVersion = 10.0.40219.1
Project("{FAE04EC0-301F-11D3-BF4B-00C04F79EFBC}") = "Study29", "Study29\Study29.csproj", "{4C24D6E7-761C-4B99-AC1E-0B48D5747114}"
EndProject
Global
	GlobalSection(SolutionConfigurationPlatforms) = preSolution
		Debug|Any CPU = Debug|Any CPU
		Release|Any CPU = Release|Any CPU
	EndGlobalSection
	GlobalSection(ProjectConfigurationPlatforms) = postSolution
		{4C24D6E7-761C-4B99-AC1E-0B48D5747114}.Debug|Any CPU.ActiveCfg = Debug|Any CPU
		{4C24D6E7-761C-4B99-AC1E-0B48D5747114}.Debug|Any CPU.Build.0 = Debug|Any CPU
		{4C24D6E7-761C-4B99-AC1E-0B48D5747114}.Release|Any CPU.ActiveCfg = Release|Any CPU
		{4C24D6E7-761C-4B99-AC1E-0B48D5747114}.Release|Any CPU.Build.0 = Release|Any CPU
	EndGlobalSection
	GlobalSection(SolutionProperties) = preSolution
		HideSolutionNode = FALSE
	EndGlobalSection
	GlobalSection(ExtensibilityGlobals) = postSolution
		SolutionGuid = {7631D9BD-F9CE-4487-AA4A-E9DE610DA84B}
	EndGlobalSection
EndGlobal
