
Microsoft Visual Studio Solution File, Format Version 12.00
# Visual Studio Version 17
VisualStudioVersion = 17.13.35818.85 d17.13
MinimumVisualStudioVersion = 10.0.40219.1
Project("{FAE04EC0-301F-11D3-BF4B-00C04F79EFBC}") = "Study8", "Study8\Study8.csproj", "{40E9C311-12FE-4303-A827-1132DC453430}"
EndProject
Global
	GlobalSection(SolutionConfigurationPlatforms) = preSolution
		Debug|Any CPU = Debug|Any CPU
		Release|Any CPU = Release|Any CPU
	EndGlobalSection
	GlobalSection(ProjectConfigurationPlatforms) = postSolution
		{40E9C311-12FE-4303-A827-1132DC453430}.Debug|Any CPU.ActiveCfg = Debug|Any CPU
		{40E9C311-12FE-4303-A827-1132DC453430}.Debug|Any CPU.Build.0 = Debug|Any CPU
		{40E9C311-12FE-4303-A827-1132DC453430}.Release|Any CPU.ActiveCfg = Release|Any CPU
		{40E9C311-12FE-4303-A827-1132DC453430}.Release|Any CPU.Build.0 = Release|Any CPU
	EndGlobalSection
	GlobalSection(SolutionProperties) = preSolution
		HideSolutionNode = FALSE
	EndGlobalSection
	GlobalSection(ExtensibilityGlobals) = postSolution
		SolutionGuid = {353EC065-F75A-49D3-A153-BA9131C567F2}
	EndGlobalSection
EndGlobal
