
Microsoft Visual Studio Solution File, Format Version 12.00
# Visual Studio Version 17
VisualStudioVersion = 17.13.35818.85 d17.13
MinimumVisualStudioVersion = 10.0.40219.1
Project("{FAE04EC0-301F-11D3-BF4B-00C04F79EFBC}") = "study41", "study41\study41.csproj", "{EDE83F25-153C-4592-939D-0BC84F930202}"
EndProject
Global
	GlobalSection(SolutionConfigurationPlatforms) = preSolution
		Debug|Any CPU = Debug|Any CPU
		Release|Any CPU = Release|Any CPU
	EndGlobalSection
	GlobalSection(ProjectConfigurationPlatforms) = postSolution
		{EDE83F25-153C-4592-939D-0BC84F930202}.Debug|Any CPU.ActiveCfg = Debug|Any CPU
		{EDE83F25-153C-4592-939D-0BC84F930202}.Debug|Any CPU.Build.0 = Debug|Any CPU
		{EDE83F25-153C-4592-939D-0BC84F930202}.Release|Any CPU.ActiveCfg = Release|Any CPU
		{EDE83F25-153C-4592-939D-0BC84F930202}.Release|Any CPU.Build.0 = Release|Any CPU
	EndGlobalSection
	GlobalSection(SolutionProperties) = preSolution
		HideSolutionNode = FALSE
	EndGlobalSection
	GlobalSection(ExtensibilityGlobals) = postSolution
		SolutionGuid = {48537958-59A1-4707-8C4C-BB49AC9168AF}
	EndGlobalSection
EndGlobal
