
Microsoft Visual Studio Solution File, Format Version 12.00
# Visual Studio Version 17
VisualStudioVersion = 17.13.35818.85 d17.13
MinimumVisualStudioVersion = 10.0.40219.1
Project("{FAE04EC0-301F-11D3-BF4B-00C04F79EFBC}") = "study14", "study14\study14.csproj", "{ADCFBAB1-FF2C-49B8-8C1D-9C22C133921E}"
EndProject
Global
	GlobalSection(SolutionConfigurationPlatforms) = preSolution
		Debug|Any CPU = Debug|Any CPU
		Release|Any CPU = Release|Any CPU
	EndGlobalSection
	GlobalSection(ProjectConfigurationPlatforms) = postSolution
		{ADCFBAB1-FF2C-49B8-8C1D-9C22C133921E}.Debug|Any CPU.ActiveCfg = Debug|Any CPU
		{ADCFBAB1-FF2C-49B8-8C1D-9C22C133921E}.Debug|Any CPU.Build.0 = Debug|Any CPU
		{ADCFBAB1-FF2C-49B8-8C1D-9C22C133921E}.Release|Any CPU.ActiveCfg = Release|Any CPU
		{ADCFBAB1-FF2C-49B8-8C1D-9C22C133921E}.Release|Any CPU.Build.0 = Release|Any CPU
	EndGlobalSection
	GlobalSection(SolutionProperties) = preSolution
		HideSolutionNode = FALSE
	EndGlobalSection
	GlobalSection(ExtensibilityGlobals) = postSolution
		SolutionGuid = {5D5CDD20-321E-4E3F-B8A2-BF1EBA2D6EDF}
	EndGlobalSection
EndGlobal
