
Microsoft Visual Studio Solution File, Format Version 12.00
# Visual Studio Version 17
VisualStudioVersion = 17.13.35818.85 d17.13
MinimumVisualStudioVersion = 10.0.40219.1
Project("{FAE04EC0-301F-11D3-BF4B-00C04F79EFBC}") = "study9", "study9\study9.csproj", "{CE10D9DC-09CD-4168-A186-5A072C52B148}"
EndProject
Global
	GlobalSection(SolutionConfigurationPlatforms) = preSolution
		Debug|Any CPU = Debug|Any CPU
		Release|Any CPU = Release|Any CPU
	EndGlobalSection
	GlobalSection(ProjectConfigurationPlatforms) = postSolution
		{CE10D9DC-09CD-4168-A186-5A072C52B148}.Debug|Any CPU.ActiveCfg = Debug|Any CPU
		{CE10D9DC-09CD-4168-A186-5A072C52B148}.Debug|Any CPU.Build.0 = Debug|Any CPU
		{CE10D9DC-09CD-4168-A186-5A072C52B148}.Release|Any CPU.ActiveCfg = Release|Any CPU
		{CE10D9DC-09CD-4168-A186-5A072C52B148}.Release|Any CPU.Build.0 = Release|Any CPU
	EndGlobalSection
	GlobalSection(SolutionProperties) = preSolution
		HideSolutionNode = FALSE
	EndGlobalSection
	GlobalSection(ExtensibilityGlobals) = postSolution
		SolutionGuid = {FA659F1A-32CE-4F8B-A5BE-30052D6C5CCD}
	EndGlobalSection
EndGlobal
