
Microsoft Visual Studio Solution File, Format Version 12.00
# Visual Studio Version 17
VisualStudioVersion = 17.13.35818.85 d17.13
MinimumVisualStudioVersion = 10.0.40219.1
Project("{FAE04EC0-301F-11D3-BF4B-00C04F79EFBC}") = "study34", "study34\study34.csproj", "{12FF1D46-F4E3-4B88-A1DA-2677D548D887}"
EndProject
Global
	GlobalSection(SolutionConfigurationPlatforms) = preSolution
		Debug|Any CPU = Debug|Any CPU
		Release|Any CPU = Release|Any CPU
	EndGlobalSection
	GlobalSection(ProjectConfigurationPlatforms) = postSolution
		{12FF1D46-F4E3-4B88-A1DA-2677D548D887}.Debug|Any CPU.ActiveCfg = Debug|Any CPU
		{12FF1D46-F4E3-4B88-A1DA-2677D548D887}.Debug|Any CPU.Build.0 = Debug|Any CPU
		{12FF1D46-F4E3-4B88-A1DA-2677D548D887}.Release|Any CPU.ActiveCfg = Release|Any CPU
		{12FF1D46-F4E3-4B88-A1DA-2677D548D887}.Release|Any CPU.Build.0 = Release|Any CPU
	EndGlobalSection
	GlobalSection(SolutionProperties) = preSolution
		HideSolutionNode = FALSE
	EndGlobalSection
	GlobalSection(ExtensibilityGlobals) = postSolution
		SolutionGuid = {00B3885D-0092-416D-8219-3853C1AC7F4A}
	EndGlobalSection
EndGlobal
