
Microsoft Visual Studio Solution File, Format Version 12.00
# Visual Studio Version 17
VisualStudioVersion = 17.13.35818.85 d17.13
MinimumVisualStudioVersion = 10.0.40219.1
Project("{FAE04EC0-301F-11D3-BF4B-00C04F79EFBC}") = "ShootingGame1", "ShootingGame1\ShootingGame1.csproj", "{4BE44CE2-3F33-4AE3-B701-9594DDFE58C2}"
EndProject
Global
	GlobalSection(SolutionConfigurationPlatforms) = preSolution
		Debug|Any CPU = Debug|Any CPU
		Release|Any CPU = Release|Any CPU
	EndGlobalSection
	GlobalSection(ProjectConfigurationPlatforms) = postSolution
		{4BE44CE2-3F33-4AE3-B701-9594DDFE58C2}.Debug|Any CPU.ActiveCfg = Debug|Any CPU
		{4BE44CE2-3F33-4AE3-B701-9594DDFE58C2}.Debug|Any CPU.Build.0 = Debug|Any CPU
		{4BE44CE2-3F33-4AE3-B701-9594DDFE58C2}.Release|Any CPU.ActiveCfg = Release|Any CPU
		{4BE44CE2-3F33-4AE3-B701-9594DDFE58C2}.Release|Any CPU.Build.0 = Release|Any CPU
	EndGlobalSection
	GlobalSection(SolutionProperties) = preSolution
		HideSolutionNode = FALSE
	EndGlobalSection
	GlobalSection(ExtensibilityGlobals) = postSolution
		SolutionGuid = {C9E672C4-ABBA-4955-B369-5EDB38901132}
	EndGlobalSection
EndGlobal
