
Microsoft Visual Studio Solution File, Format Version 12.00
# Visual Studio Version 17
VisualStudioVersion = 17.13.35818.85 d17.13
MinimumVisualStudioVersion = 10.0.40219.1
Project("{FAE04EC0-301F-11D3-BF4B-00C04F79EFBC}") = "study15", "study15\study15.csproj", "{167D1C9D-1BD1-4D37-BC2C-38D04D0FA9EB}"
EndProject
Global
	GlobalSection(SolutionConfigurationPlatforms) = preSolution
		Debug|Any CPU = Debug|Any CPU
		Release|Any CPU = Release|Any CPU
	EndGlobalSection
	GlobalSection(ProjectConfigurationPlatforms) = postSolution
		{167D1C9D-1BD1-4D37-BC2C-38D04D0FA9EB}.Debug|Any CPU.ActiveCfg = Debug|Any CPU
		{167D1C9D-1BD1-4D37-BC2C-38D04D0FA9EB}.Debug|Any CPU.Build.0 = Debug|Any CPU
		{167D1C9D-1BD1-4D37-BC2C-38D04D0FA9EB}.Release|Any CPU.ActiveCfg = Release|Any CPU
		{167D1C9D-1BD1-4D37-BC2C-38D04D0FA9EB}.Release|Any CPU.Build.0 = Release|Any CPU
	EndGlobalSection
	GlobalSection(SolutionProperties) = preSolution
		HideSolutionNode = FALSE
	EndGlobalSection
	GlobalSection(ExtensibilityGlobals) = postSolution
		SolutionGuid = {79C22C72-EC42-4527-B84D-F9AF144CF0FC}
	EndGlobalSection
EndGlobal
