
Microsoft Visual Studio Solution File, Format Version 12.00
# Visual Studio Version 17
VisualStudioVersion = 17.13.35818.85 d17.13
MinimumVisualStudioVersion = 10.0.40219.1
Project("{FAE04EC0-301F-11D3-BF4B-00C04F79EFBC}") = "Study30", "Study30\Study30.csproj", "{640816DD-6EF0-47A8-B976-98F0E7897973}"
EndProject
Global
	GlobalSection(SolutionConfigurationPlatforms) = preSolution
		Debug|Any CPU = Debug|Any CPU
		Release|Any CPU = Release|Any CPU
	EndGlobalSection
	GlobalSection(ProjectConfigurationPlatforms) = postSolution
		{640816DD-6EF0-47A8-B976-98F0E7897973}.Debug|Any CPU.ActiveCfg = Debug|Any CPU
		{640816DD-6EF0-47A8-B976-98F0E7897973}.Debug|Any CPU.Build.0 = Debug|Any CPU
		{640816DD-6EF0-47A8-B976-98F0E7897973}.Release|Any CPU.ActiveCfg = Release|Any CPU
		{640816DD-6EF0-47A8-B976-98F0E7897973}.Release|Any CPU.Build.0 = Release|Any CPU
	EndGlobalSection
	GlobalSection(SolutionProperties) = preSolution
		HideSolutionNode = FALSE
	EndGlobalSection
	GlobalSection(ExtensibilityGlobals) = postSolution
		SolutionGuid = {F5FCB55E-3C2C-485D-AEC9-9B3FAC41A7D0}
	EndGlobalSection
EndGlobal
